
Microsoft Visual Studio Solution File, Format Version 12.00
# Visual Studio Version 17
VisualStudioVersion = 17.7.34221.43
MinimumVisualStudioVersion = 10.0.40219.1
Project("{FAE04EC0-301F-11D3-BF4B-00C04F79EFBC}") = "esercizio-9-dotnet", "esercizio-9-dotnet\esercizio-9-dotnet.csproj", "{D027566A-605E-4ABF-9E56-F10306572E95}"
EndProject
Global
	GlobalSection(SolutionConfigurationPlatforms) = preSolution
		Debug|Any CPU = Debug|Any CPU
		Release|Any CPU = Release|Any CPU
	EndGlobalSection
	GlobalSection(ProjectConfigurationPlatforms) = postSolution
		{D027566A-605E-4ABF-9E56-F10306572E95}.Debug|Any CPU.ActiveCfg = Debug|Any CPU
		{D027566A-605E-4ABF-9E56-F10306572E95}.Debug|Any CPU.Build.0 = Debug|Any CPU
		{D027566A-605E-4ABF-9E56-F10306572E95}.Release|Any CPU.ActiveCfg = Release|Any CPU
		{D027566A-605E-4ABF-9E56-F10306572E95}.Release|Any CPU.Build.0 = Release|Any CPU
	EndGlobalSection
	GlobalSection(SolutionProperties) = preSolution
		HideSolutionNode = FALSE
	EndGlobalSection
	GlobalSection(ExtensibilityGlobals) = postSolution
		SolutionGuid = {E88F1E31-820B-4827-9AFF-673F61B9A720}
	EndGlobalSection
EndGlobal
