
Microsoft Visual Studio Solution File, Format Version 12.00
# Visual Studio Version 17
VisualStudioVersion = 17.7.34221.43
MinimumVisualStudioVersion = 10.0.40219.1
Project("{FAE04EC0-301F-11D3-BF4B-00C04F79EFBC}") = "esercizio-8-dotnet", "esercizio-8-dotnet\esercizio-8-dotnet.csproj", "{955C7B3D-463E-4F78-B6BD-09D03BC6D641}"
EndProject
Global
	GlobalSection(SolutionConfigurationPlatforms) = preSolution
		Debug|Any CPU = Debug|Any CPU
		Release|Any CPU = Release|Any CPU
	EndGlobalSection
	GlobalSection(ProjectConfigurationPlatforms) = postSolution
		{955C7B3D-463E-4F78-B6BD-09D03BC6D641}.Debug|Any CPU.ActiveCfg = Debug|Any CPU
		{955C7B3D-463E-4F78-B6BD-09D03BC6D641}.Debug|Any CPU.Build.0 = Debug|Any CPU
		{955C7B3D-463E-4F78-B6BD-09D03BC6D641}.Release|Any CPU.ActiveCfg = Release|Any CPU
		{955C7B3D-463E-4F78-B6BD-09D03BC6D641}.Release|Any CPU.Build.0 = Release|Any CPU
	EndGlobalSection
	GlobalSection(SolutionProperties) = preSolution
		HideSolutionNode = FALSE
	EndGlobalSection
	GlobalSection(ExtensibilityGlobals) = postSolution
		SolutionGuid = {5B6C4831-EB0A-4358-ACCD-ADD3A7DC2BDD}
	EndGlobalSection
EndGlobal
