
Microsoft Visual Studio Solution File, Format Version 12.00
# Visual Studio Version 17
VisualStudioVersion = 17.7.34221.43
MinimumVisualStudioVersion = 10.0.40219.1
Project("{FAE04EC0-301F-11D3-BF4B-00C04F79EFBC}") = "Calcolatrice", "Calcolatrice\Calcolatrice.csproj", "{5A33C677-DA56-40EC-8ACC-2E69C70BE0CF}"
EndProject
Global
	GlobalSection(SolutionConfigurationPlatforms) = preSolution
		Debug|Any CPU = Debug|Any CPU
		Release|Any CPU = Release|Any CPU
	EndGlobalSection
	GlobalSection(ProjectConfigurationPlatforms) = postSolution
		{5A33C677-DA56-40EC-8ACC-2E69C70BE0CF}.Debug|Any CPU.ActiveCfg = Debug|Any CPU
		{5A33C677-DA56-40EC-8ACC-2E69C70BE0CF}.Debug|Any CPU.Build.0 = Debug|Any CPU
		{5A33C677-DA56-40EC-8ACC-2E69C70BE0CF}.Release|Any CPU.ActiveCfg = Release|Any CPU
		{5A33C677-DA56-40EC-8ACC-2E69C70BE0CF}.Release|Any CPU.Build.0 = Release|Any CPU
	EndGlobalSection
	GlobalSection(SolutionProperties) = preSolution
		HideSolutionNode = FALSE
	EndGlobalSection
	GlobalSection(ExtensibilityGlobals) = postSolution
		SolutionGuid = {78070979-5A0F-4310-BA4E-442F26928AF3}
	EndGlobalSection
EndGlobal
