
Microsoft Visual Studio Solution File, Format Version 12.00
# Visual Studio Version 17
VisualStudioVersion = 17.7.34221.43
MinimumVisualStudioVersion = 10.0.40219.1
Project("{FAE04EC0-301F-11D3-BF4B-00C04F79EFBC}") = "esercizio-10-dotnet", "esercizio-10-dotnet\esercizio-10-dotnet.csproj", "{D2B61D9A-9C5A-4821-9C2D-494E60A4376D}"
EndProject
Global
	GlobalSection(SolutionConfigurationPlatforms) = preSolution
		Debug|Any CPU = Debug|Any CPU
		Release|Any CPU = Release|Any CPU
	EndGlobalSection
	GlobalSection(ProjectConfigurationPlatforms) = postSolution
		{D2B61D9A-9C5A-4821-9C2D-494E60A4376D}.Debug|Any CPU.ActiveCfg = Debug|Any CPU
		{D2B61D9A-9C5A-4821-9C2D-494E60A4376D}.Debug|Any CPU.Build.0 = Debug|Any CPU
		{D2B61D9A-9C5A-4821-9C2D-494E60A4376D}.Release|Any CPU.ActiveCfg = Release|Any CPU
		{D2B61D9A-9C5A-4821-9C2D-494E60A4376D}.Release|Any CPU.Build.0 = Release|Any CPU
	EndGlobalSection
	GlobalSection(SolutionProperties) = preSolution
		HideSolutionNode = FALSE
	EndGlobalSection
	GlobalSection(ExtensibilityGlobals) = postSolution
		SolutionGuid = {E241928A-6F7B-486D-944D-B484D8C4FA8D}
	EndGlobalSection
EndGlobal
